
Microsoft Visual Studio Solution File, Format Version 12.00
# Visual Studio Version 16
VisualStudioVersion = 16.0.31624.102
MinimumVisualStudioVersion = 10.0.40219.1
Project("{9A19103F-16F7-4668-BE54-9A1E7A4F7556}") = "Baas.Api", "Baas.Api\Baas.Api.csproj", "{4B3262B0-5F6F-4A1B-83CE-9733FC87B29F}"
EndProject
Project("{9A19103F-16F7-4668-BE54-9A1E7A4F7556}") = "Baas.Domain", "Baas.Domain\Baas.Domain.csproj", "{E97AFA43-B3C4-4E81-AFBE-A519904388FA}"
EndProject
Project("{FAE04EC0-301F-11D3-BF4B-00C04F79EFBC}") = "Baas.Domain.Tests", "Baas.Domain.Tests\Baas.Domain.Tests.csproj", "{36881F9C-B089-4260-8708-373DE51D9223}"
EndProject
Project("{FAE04EC0-301F-11D3-BF4B-00C04F79EFBC}") = "Baas.Infra", "Baas.Infra\Baas.Infra.csproj", "{A8B56746-C74A-47D3-9E2A-A013971C6AEC}"
EndProject
Global
	GlobalSection(SolutionConfigurationPlatforms) = preSolution
		Debug|Any CPU = Debug|Any CPU
		Release|Any CPU = Release|Any CPU
	EndGlobalSection
	GlobalSection(ProjectConfigurationPlatforms) = postSolution
		{4B3262B0-5F6F-4A1B-83CE-9733FC87B29F}.Debug|Any CPU.ActiveCfg = Debug|Any CPU
		{4B3262B0-5F6F-4A1B-83CE-9733FC87B29F}.Debug|Any CPU.Build.0 = Debug|Any CPU
		{4B3262B0-5F6F-4A1B-83CE-9733FC87B29F}.Release|Any CPU.ActiveCfg = Release|Any CPU
		{4B3262B0-5F6F-4A1B-83CE-9733FC87B29F}.Release|Any CPU.Build.0 = Release|Any CPU
		{E97AFA43-B3C4-4E81-AFBE-A519904388FA}.Debug|Any CPU.ActiveCfg = Debug|Any CPU
		{E97AFA43-B3C4-4E81-AFBE-A519904388FA}.Debug|Any CPU.Build.0 = Debug|Any CPU
		{E97AFA43-B3C4-4E81-AFBE-A519904388FA}.Release|Any CPU.ActiveCfg = Release|Any CPU
		{E97AFA43-B3C4-4E81-AFBE-A519904388FA}.Release|Any CPU.Build.0 = Release|Any CPU
		{36881F9C-B089-4260-8708-373DE51D9223}.Debug|Any CPU.ActiveCfg = Debug|Any CPU
		{36881F9C-B089-4260-8708-373DE51D9223}.Debug|Any CPU.Build.0 = Debug|Any CPU
		{36881F9C-B089-4260-8708-373DE51D9223}.Release|Any CPU.ActiveCfg = Release|Any CPU
		{36881F9C-B089-4260-8708-373DE51D9223}.Release|Any CPU.Build.0 = Release|Any CPU
		{A8B56746-C74A-47D3-9E2A-A013971C6AEC}.Debug|Any CPU.ActiveCfg = Debug|Any CPU
		{A8B56746-C74A-47D3-9E2A-A013971C6AEC}.Debug|Any CPU.Build.0 = Debug|Any CPU
		{A8B56746-C74A-47D3-9E2A-A013971C6AEC}.Release|Any CPU.ActiveCfg = Release|Any CPU
		{A8B56746-C74A-47D3-9E2A-A013971C6AEC}.Release|Any CPU.Build.0 = Release|Any CPU
	EndGlobalSection
	GlobalSection(SolutionProperties) = preSolution
		HideSolutionNode = FALSE
	EndGlobalSection
	GlobalSection(ExtensibilityGlobals) = postSolution
		SolutionGuid = {25FD40A9-2AE7-46E9-8321-033F753DDD23}
	EndGlobalSection
EndGlobal
